version = 1
revision = 3
requires-python = ">=3.10"

[[package]]
name = "bce-python-sdk"
version = "0.9.71"
source = { registry = "https://pypi.org/simple" }
dependencies = [
    { name = "crc32c" },
    { name = "future" },
    { name = "pycryptodome" },
    { name = "six" },
]
sdist = { url = "https://files.pythonhosted.org/packages/5a/74/72058f098b9e7184376f2b3d4c1d233ca7fdc52d0f527078f3ce4d9828b9/bce_python_sdk-0.9.71.tar.gz", hash = "sha256:7a917edaee39082694776e25a9e6556ec8072400a3be649f28eb13f9c7a0b5b5", size = 301508, upload-time = "2026-04-28T06:23:21.061Z" }
wheels = [
    { url = "https://files.pythonhosted.org/packages/2d/2d/821ae8878dc36b77e56bb7e5dbf9a8e73209c11d38c0ba6b38b5778668ae/bce_python_sdk-0.9.71-py3-none-any.whl", hash = "sha256:9f64a99267616456bac487983d92cc778720bf4f102c8931e8e38aea3cb63268", size = 417000, upload-time = "2026-04-28T06:23:19.078Z" },
]

[[package]]
name = "blender-robin"
version = "0.1.0"
source = { editable = "." }
dependencies = [
    { name = "bce-python-sdk" },
    { name = "click" },
    { name = "python-dotenv" },
    { name = "tomli-w" },
]

[package.metadata]
requires-dist = [
    { name = "bce-python-sdk", specifier = ">=0.9" },
    { name = "click", specifier = ">=8.1" },
    { name = "python-dotenv", specifier = ">=1.0" },
    { name = "tomli-w", specifier = ">=1.0" },
]

[[package]]
name = "click"
version = "8.3.2"
source = { registry = "https://pypi.org/simple" }
dependencies = [
    { name = "colorama", marker = "sys_platform == 'win32'" },
]
sdist = { url = "https://files.pythonhosted.org/packages/57/75/31212c6bf2503fdf920d87fee5d7a86a2e3bcf444984126f13d8e4016804/click-8.3.2.tar.gz", hash = "sha256:14162b8b3b3550a7d479eafa77dfd3c38d9dc8951f6f69c78913a8f9a7540fd5", size = 302856, upload-time = "2026-04-03T19:14:45.118Z" }
wheels = [
    { url = "https://files.pythonhosted.org/packages/e4/20/71885d8b97d4f3dde17b1fdb92dbd4908b00541c5a3379787137285f602e/click-8.3.2-py3-none-any.whl", hash = "sha256:1924d2c27c5653561cd2cae4548d1406039cb79b858b747cfea24924bbc1616d", size = 108379, upload-time = "2026-04-03T19:14:43.505Z" },
]

[[package]]
name = "colorama"
version = "0.4.6"
source = { registry = "https://pypi.org/simple" }
sdist = { url = "https://files.pythonhosted.org/packages/d8/53/6f443c9a4a8358a93a6792e2acffb9d9d5cb0a5cfd8802644b7b1c9a02e4/colorama-0.4.6.tar.gz", hash = "sha256:08695f5cb7ed6e0531a20572697297273c47b8cae5a63ffc6d6ed5c201be6e44", size = 27697, upload-time = "2022-10-25T02:36:22.414Z" }
wheels = [
    { url = "https://files.pythonhosted.org/packages/d1/d6/3965ed04c63042e047cb6a3e6ed1a63a35087b6a609aa3a15ed8ac56c221/colorama-0.4.6-py2.py3-none-any.whl", hash = "sha256:4f1d9991f5acc0ca119f9d443620b77f9d6b33703e51011c16baf57afb285fc6", size = 25335, upload-time = "2022-10-25T02:36:20.889Z" },
]

[[package]]
name = "crc32c"
version = "2.8"
source = { registry = "https://pypi.org/simple" }
sdist = { url = "https://files.pythonhosted.org/packages/e3/66/7e97aa77af7cf6afbff26e3651b564fe41932599bc2d3dce0b2f73d4829a/crc32c-2.8.tar.gz", hash = "sha256:578728964e59c47c356aeeedee6220e021e124b9d3e8631d95d9a5e5f06e261c", size = 48179, upload-time = "2025-10-17T06:20:13.61Z" }
wheels = [
    { url = "https://files.pythonhosted.org/packages/c4/a0/28b4686a8db0bb0f77970f4c6ccede90d1d5740a1d4b4703bd54c3e75655/crc32c-2.8-cp310-cp310-macosx_10_9_universal2.whl", hash = "sha256:2c0f4eb01fe7c0a3e3f973a418e04d52101bb077dd77626fd80c658ec60aaf95", size = 66321, upload-time = "2025-10-17T06:18:53.543Z" },
    { url = "https://files.pythonhosted.org/packages/76/1f/1697f5b8b770f715ed9b264d79e36b4f77ae0527f81f3c749ef08937a32e/crc32c-2.8-cp310-cp310-macosx_10_9_x86_64.whl", hash = "sha256:6baefcfbca82b1a9678455416da24f18629769a76920c640d5a538620a7d12bb", size = 62985, upload-time = "2025-10-17T06:18:54.97Z" },
    { url = "https://files.pythonhosted.org/packages/e0/e5/333cfa5ffa8d5779733aced2b984b5e5139b4a8ceaa2c6bc563e9a1092f3/crc32c-2.8-cp310-cp310-macosx_11_0_arm64.whl", hash = "sha256:d7f959fcf6c5aad1c4a653ee1a50f05760dab1d1c35d98ec4d7f0f68643f7612", size = 61517, upload-time = "2025-10-17T06:18:55.795Z" },
    { url = "https://files.pythonhosted.org/packages/e1/d8/362a009e8140dd926a153b44d56753e3aa7cb50aca243779a84adadbff11/crc32c-2.8-cp310-cp310-manylinux1_x86_64.manylinux_2_28_x86_64.manylinux_2_5_x86_64.whl", hash = "sha256:9bb678507a4e4cf3f0506607b046ecc4ed1c58a19e08a3fb3c2d25441c480bf1", size = 79385, upload-time = "2025-10-17T06:18:56.598Z" },
    { url = "https://files.pythonhosted.org/packages/4a/9f/0d4ea3aa71ffb15f1285669d23024cc40779388ce32157d339dc2584491c/crc32c-2.8-cp310-cp310-manylinux2014_aarch64.manylinux_2_17_aarch64.manylinux_2_28_aarch64.whl", hash = "sha256:1a16f7ffa4c242a909558565567cbba95148603717b53538ea299c98da68e7a9", size = 80965, upload-time = "2025-10-17T06:18:57.384Z" },
    { url = "https://files.pythonhosted.org/packages/20/44/d77657aaca4a2c0283f2356a3da6f8e91b003567bb8f09daaf540cbf192f/crc32c-2.8-cp310-cp310-musllinux_1_2_aarch64.whl", hash = "sha256:0184369aad562d801f91f454c81f56b9ecb966f6b96684c4d6cf82fc8741d2ad", size = 79993, upload-time = "2025-10-17T06:18:58.503Z" },
    { url = "https://files.pythonhosted.org/packages/ab/c0/07017a93ebf85d9408028b7e03ef96d5c6bfb14cb77cfe90d35eedcc1501/crc32c-2.8-cp310-cp310-musllinux_1_2_x86_64.whl", hash = "sha256:86d2eeb5f0189bd803720abe7387019328ea34c4acde62999e5723f789bc316b", size = 79243, upload-time = "2025-10-17T06:18:59.273Z" },
    { url = "https://files.pythonhosted.org/packages/c7/1a/b3c5ac4cf2fd1f82395173d0bd8e1a15d09f0bc1eccdf10ea7f8caaccd67/crc32c-2.8-cp310-cp310-win32.whl", hash = "sha256:51da61904a9e753780a2e6011885677d601db1fa840be4b68799643a113e6f08", size = 64888, upload-time = "2025-10-17T06:19:00.089Z" },
    { url = "https://files.pythonhosted.org/packages/b6/f2/60c45fc7bb2221d3c93c7a872e921be591f40d45228fe46f879b1d8c0424/crc32c-2.8-cp310-cp310-win_amd64.whl", hash = "sha256:b2d6a1f2500daaf2e4b08f97ad0349aa2eff5faaaa5fd3350314a26eade334cd", size = 66639, upload-time = "2025-10-17T06:19:00.974Z" },
    { url = "https://files.pythonhosted.org/packages/dc/0b/5e03b22d913698e9cc563f39b9f6bbd508606bf6b8e9122cd6bf196b87ea/crc32c-2.8-cp311-cp311-macosx_10_9_universal2.whl", hash = "sha256:e560a97fbb96c9897cb1d9b5076ef12fc12e2e25622530a1afd0de4240f17e1f", size = 66329, upload-time = "2025-10-17T06:19:01.771Z" },
    { url = "https://files.pythonhosted.org/packages/6b/38/2fe0051ffe8c6a650c8b1ac0da31b8802d1dbe5fa40a84e4b6b6f5583db5/crc32c-2.8-cp311-cp311-macosx_10_9_x86_64.whl", hash = "sha256:6762d276d90331a490ef7e71ffee53b9c0eb053bd75a272d786f3b08d3fe3671", size = 62988, upload-time = "2025-10-17T06:19:02.953Z" },
    { url = "https://files.pythonhosted.org/packages/3e/30/5837a71c014be83aba1469c58820d287fc836512a0cad6b8fdd43868accd/crc32c-2.8-cp311-cp311-macosx_11_0_arm64.whl", hash = "sha256:60670569f5ede91e39f48fb0cb4060e05b8d8704dd9e17ede930bf441b2f73ef", size = 61522, upload-time = "2025-10-17T06:19:03.796Z" },
    { url = "https://files.pythonhosted.org/packages/ca/29/63972fc1452778e2092ae998c50cbfc2fc93e3fa9798a0278650cd6169c5/crc32c-2.8-cp311-cp311-manylinux1_x86_64.manylinux_2_28_x86_64.manylinux_2_5_x86_64.whl", hash = "sha256:711743da6ccc70b3c6718c328947b0b6f34a1fe6a6c27cc6c1d69cc226bf70e9", size = 80200, upload-time = "2025-10-17T06:19:04.617Z" },
    { url = "https://files.pythonhosted.org/packages/cb/3a/60eb49d7bdada4122b3ffd45b0df54bdc1b8dd092cda4b069a287bdfcff4/crc32c-2.8-cp311-cp311-manylinux2014_aarch64.manylinux_2_17_aarch64.manylinux_2_28_aarch64.whl", hash = "sha256:5eb4094a2054774f13b26f21bf56792bb44fa1fcee6c6ad099387a43ffbfb4fa", size = 81757, upload-time = "2025-10-17T06:19:05.496Z" },
    { url = "https://files.pythonhosted.org/packages/f5/63/6efc1b64429ef7d23bd58b75b7ac24d15df327e3ebbe9c247a0f7b1c2ed1/crc32c-2.8-cp311-cp311-musllinux_1_2_aarch64.whl", hash = "sha256:fff15bf2bd3e95780516baae935ed12be88deaa5ebe6143c53eb0d26a7bdc7b7", size = 80830, upload-time = "2025-10-17T06:19:06.621Z" },
    { url = "https://files.pythonhosted.org/packages/e1/eb/0ae9f436f8004f1c88f7429e659a7218a3879bd11a6b18ed1257aad7e98b/crc32c-2.8-cp311-cp311-musllinux_1_2_x86_64.whl", hash = "sha256:4c0e11e3826668121fa53e0745635baf5e4f0ded437e8ff63ea56f38fc4f970a", size = 80095, upload-time = "2025-10-17T06:19:07.381Z" },
    { url = "https://files.pythonhosted.org/packages/9e/81/4afc9d468977a4cd94a2eb62908553345009a7c0d30e74463a15d4b48ec3/crc32c-2.8-cp311-cp311-win32.whl", hash = "sha256:38f915336715d1f1353ab07d7d786f8a789b119e273aea106ba55355dfc9101d", size = 64886, upload-time = "2025-10-17T06:19:08.497Z" },
    { url = "https://files.pythonhosted.org/packages/d6/e8/94e839c9f7e767bf8479046a207afd440a08f5c59b52586e1af5e64fa4a0/crc32c-2.8-cp311-cp311-win_amd64.whl", hash = "sha256:60e0a765b1caab8d31b2ea80840639253906a9351d4b861551c8c8625ea20f86", size = 66639, upload-time = "2025-10-17T06:19:09.338Z" },
    { url = "https://files.pythonhosted.org/packages/b6/36/fd18ef23c42926b79c7003e16cb0f79043b5b179c633521343d3b499e996/crc32c-2.8-cp312-cp312-macosx_10_13_universal2.whl", hash = "sha256:572ffb1b78cce3d88e8d4143e154d31044a44be42cb3f6fbbf77f1e7a941c5ab", size = 66379, upload-time = "2025-10-17T06:19:10.115Z" },
    { url = "https://files.pythonhosted.org/packages/7f/b8/c584958e53f7798dd358f5bdb1bbfc97483134f053ee399d3eeb26cca075/crc32c-2.8-cp312-cp312-macosx_10_13_x86_64.whl", hash = "sha256:cf827b3758ee0c4aacd21ceca0e2da83681f10295c38a10bfeb105f7d98f7a68", size = 63042, upload-time = "2025-10-17T06:19:10.946Z" },
    { url = "https://files.pythonhosted.org/packages/62/e6/6f2af0ec64a668a46c861e5bc778ea3ee42171fedfc5440f791f470fd783/crc32c-2.8-cp312-cp312-macosx_11_0_arm64.whl", hash = "sha256:106fbd79013e06fa92bc3b51031694fcc1249811ed4364ef1554ee3dd2c7f5a2", size = 61528, upload-time = "2025-10-17T06:19:11.768Z" },
    { url = "https://files.pythonhosted.org/packages/17/8b/4a04bd80a024f1a23978f19ae99407783e06549e361ab56e9c08bba3c1d3/crc32c-2.8-cp312-cp312-manylinux1_x86_64.manylinux_2_28_x86_64.manylinux_2_5_x86_64.whl", hash = "sha256:6dde035f91ffbfe23163e68605ee5a4bb8ceebd71ed54bb1fb1d0526cdd125a2", size = 80028, upload-time = "2025-10-17T06:19:12.554Z" },
    { url = "https://files.pythonhosted.org/packages/21/8f/01c7afdc76ac2007d0e6a98e7300b4470b170480f8188475b597d1f4b4c6/crc32c-2.8-cp312-cp312-manylinux2014_aarch64.manylinux_2_17_aarch64.manylinux_2_28_aarch64.whl", hash = "sha256:e41ebe7c2f0fdcd9f3a3fd206989a36b460b4d3f24816d53e5be6c7dba72c5e1", size = 81531, upload-time = "2025-10-17T06:19:13.406Z" },
    { url = "https://files.pythonhosted.org/packages/32/2b/8f78c5a8cc66486be5f51b6f038fc347c3ba748d3ea68be17a014283c331/crc32c-2.8-cp312-cp312-musllinux_1_2_aarch64.whl", hash = "sha256:ecf66cf90266d9c15cea597d5cc86c01917cd1a238dc3c51420c7886fa750d7e", size = 80608, upload-time = "2025-10-17T06:19:14.223Z" },
    { url = "https://files.pythonhosted.org/packages/db/86/fad1a94cdeeeb6b6e2323c87f970186e74bfd6fbfbc247bf5c88ad0873d5/crc32c-2.8-cp312-cp312-musllinux_1_2_x86_64.whl", hash = "sha256:59eee5f3a69ad0793d5fa9cdc9b9d743b0cd50edf7fccc0a3988a821fef0208c", size = 79886, upload-time = "2025-10-17T06:19:15.345Z" },
    { url = "https://files.pythonhosted.org/packages/d5/db/1a7cb6757a1e32376fa2dfce00c815ea4ee614a94f9bff8228e37420c183/crc32c-2.8-cp312-cp312-win32.whl", hash = "sha256:a73d03ce3604aa5d7a2698e9057a0eef69f529c46497b27ee1c38158e90ceb76", size = 64896, upload-time = "2025-10-17T06:19:16.457Z" },
    { url = "https://files.pythonhosted.org/packages/bf/8e/2024de34399b2e401a37dcb54b224b56c747b0dc46de4966886827b4d370/crc32c-2.8-cp312-cp312-win_amd64.whl", hash = "sha256:56b3b7d015247962cf58186e06d18c3d75a1a63d709d3233509e1c50a2d36aa2", size = 66645, upload-time = "2025-10-17T06:19:17.235Z" },
    { url = "https://files.pythonhosted.org/packages/e8/d8/3ae227890b3be40955a7144106ef4dd97d6123a82c2a5310cdab58ca49d8/crc32c-2.8-cp313-cp313-macosx_10_13_universal2.whl", hash = "sha256:36f1e03ee9e9c6938e67d3bcb60e36f260170aa5f37da1185e04ef37b56af395", size = 66380, upload-time = "2025-10-17T06:19:18.009Z" },
    { url = "https://files.pythonhosted.org/packages/bd/8b/178d3f987cd0e049b484615512d3f91f3d2caeeb8ff336bb5896ae317438/crc32c-2.8-cp313-cp313-macosx_10_13_x86_64.whl", hash = "sha256:b2f3226b94b85a8dd9b3533601d7a63e9e3e8edf03a8a169830ee8303a199aeb", size = 63048, upload-time = "2025-10-17T06:19:18.853Z" },
    { url = "https://files.pythonhosted.org/packages/f2/a1/48145ae2545ebc0169d3283ebe882da580ea4606bfb67cf4ca922ac3cfc3/crc32c-2.8-cp313-cp313-macosx_11_0_arm64.whl", hash = "sha256:6e08628bc72d5b6bc8e0730e8f142194b610e780a98c58cb6698e665cb885a5b", size = 61530, upload-time = "2025-10-17T06:19:19.974Z" },
    { url = "https://files.pythonhosted.org/packages/06/4b/cf05ed9d934cc30e5ae22f97c8272face420a476090e736615d9a6b53de0/crc32c-2.8-cp313-cp313-manylinux1_x86_64.manylinux_2_28_x86_64.manylinux_2_5_x86_64.whl", hash = "sha256:086f64793c5ec856d1ab31a026d52ad2b895ac83d7a38fce557d74eb857f0a82", size = 80001, upload-time = "2025-10-17T06:19:20.784Z" },
    { url = "https://files.pythonhosted.org/packages/15/ab/4b04801739faf36345f6ba1920be5b1c70282fec52f8280afd3613fb13e2/crc32c-2.8-cp313-cp313-manylinux2014_aarch64.manylinux_2_17_aarch64.manylinux_2_28_aarch64.whl", hash = "sha256:bcf72ee7e0135b3d941c34bb2c26c3fc6bc207106b49fd89aaafaeae223ae209", size = 81543, upload-time = "2025-10-17T06:19:21.557Z" },
    { url = "https://files.pythonhosted.org/packages/a9/1b/6e38dde5bfd2ea69b7f2ab6ec229fcd972a53d39e2db4efe75c0ac0382ce/crc32c-2.8-cp313-cp313-musllinux_1_2_aarch64.whl", hash = "sha256:8a717dd9c3fd777d9bc6603717eae172887d402c4ab589d124ebd0184a83f89e", size = 80644, upload-time = "2025-10-17T06:19:22.325Z" },
    { url = "https://files.pythonhosted.org/packages/ce/45/012176ffee90059ae8ec7131019c71724ea472aa63e72c0c8edbd1fad1d7/crc32c-2.8-cp313-cp313-musllinux_1_2_x86_64.whl", hash = "sha256:0450bb845b3c3c7b9bdc0b4e95620ec9a40824abdc8c86d6285c919a90743c1a", size = 79919, upload-time = "2025-10-17T06:19:23.101Z" },
    { url = "https://files.pythonhosted.org/packages/f0/2b/f557629842f9dec2b3461cb3a0d854bb586ec45b814cea58b082c32f0dde/crc32c-2.8-cp313-cp313-win32.whl", hash = "sha256:765d220bfcbcffa6598ac11eb1e10af0ee4802b49fe126aa6bf79f8ddb9931d1", size = 64896, upload-time = "2025-10-17T06:19:23.88Z" },
    { url = "https://files.pythonhosted.org/packages/d0/db/fd0f698c15d1e21d47c64181a98290665a08fcbb3940cd559e9c15bda57e/crc32c-2.8-cp313-cp313-win_amd64.whl", hash = "sha256:171ff0260d112c62abcce29332986950a57bddee514e0a2418bfde493ea06bb3", size = 66646, upload-time = "2025-10-17T06:19:24.702Z" },
    { url = "https://files.pythonhosted.org/packages/db/b9/8e5d7054fe8e7eecab10fd0c8e7ffb01439417bdb6de1d66a81c38fc4a20/crc32c-2.8-cp313-cp313t-macosx_10_13_universal2.whl", hash = "sha256:b977a32a3708d6f51703c8557008f190aaa434d7347431efb0e86fcbe78c2a50", size = 66203, upload-time = "2025-10-17T06:19:25.872Z" },
    { url = "https://files.pythonhosted.org/packages/55/5f/cc926c70057a63cc0c98a3c8a896eb15fc7e74d3034eadd53c94917c6cc3/crc32c-2.8-cp313-cp313t-macosx_10_13_x86_64.whl", hash = "sha256:7399b01db4adaf41da2fb36fe2408e75a8d82a179a9564ed7619412e427b26d6", size = 62956, upload-time = "2025-10-17T06:19:26.652Z" },
    { url = "https://files.pythonhosted.org/packages/a1/8a/0660c44a2dd2cb6ccbb529eb363b9280f5c766f1017bc8355ed8d695bd94/crc32c-2.8-cp313-cp313t-macosx_11_0_arm64.whl", hash = "sha256:4379f73f9cdad31958a673d11a332ec725ca71572401ca865867229f5f15e853", size = 61442, upload-time = "2025-10-17T06:19:27.74Z" },
    { url = "https://files.pythonhosted.org/packages/f5/5a/6108d2dfc0fe33522ce83ba07aed4b22014911b387afa228808a278e27cd/crc32c-2.8-cp313-cp313t-manylinux1_x86_64.manylinux_2_28_x86_64.manylinux_2_5_x86_64.whl", hash = "sha256:2e68264555fab19bab08331550dab58573e351a63ed79c869d455edd3b0aa417", size = 79109, upload-time = "2025-10-17T06:19:28.535Z" },
    { url = "https://files.pythonhosted.org/packages/84/1e/c054f9e390090c197abf3d2936f4f9effaf0c6ee14569ae03d6ddf86958a/crc32c-2.8-cp313-cp313t-manylinux2014_aarch64.manylinux_2_17_aarch64.manylinux_2_28_aarch64.whl", hash = "sha256:b48f2486727b8d0e7ccbae4a34cb0300498433d2a9d6b49cb13cb57c2e3f19cb", size = 80987, upload-time = "2025-10-17T06:19:29.305Z" },
    { url = "https://files.pythonhosted.org/packages/c8/ad/1650e5c3341e4a485f800ea83116d72965030c5d48ccc168fcc685756e4d/crc32c-2.8-cp313-cp313t-musllinux_1_2_aarch64.whl", hash = "sha256:ecf123348934a086df8c8fde7f9f2d716d523ca0707c5a1367b8bb00d8134823", size = 79994, upload-time = "2025-10-17T06:19:30.109Z" },
    { url = "https://files.pythonhosted.org/packages/d7/3b/f2ed924b177729cbb2ab30ca2902abff653c31d48c95e7b66717a9ca9fcc/crc32c-2.8-cp313-cp313t-musllinux_1_2_x86_64.whl", hash = "sha256:e636ac60f76de538f7a2c0d0f3abf43104ee83a8f5e516f6345dc283ed1a4df7", size = 79046, upload-time = "2025-10-17T06:19:30.894Z" },
    { url = "https://files.pythonhosted.org/packages/4b/80/413b05ee6ace613208b31b3670c3135ee1cf451f0e72a9c839b4946acc04/crc32c-2.8-cp313-cp313t-win32.whl", hash = "sha256:8dd4a19505e0253892e1b2f1425cc3bd47f79ae5a04cb8800315d00aad7197f2", size = 64837, upload-time = "2025-10-17T06:19:32.03Z" },
    { url = "https://files.pythonhosted.org/packages/3b/1b/85eddb6ac5b38496c4e35c20298aae627970c88c3c624a22ab33e84f16c7/crc32c-2.8-cp313-cp313t-win_amd64.whl", hash = "sha256:4bb18e4bd98fb266596523ffc6be9c5b2387b2fa4e505ec56ca36336f49cb639", size = 66574, upload-time = "2025-10-17T06:19:33.143Z" },
    { url = "https://files.pythonhosted.org/packages/aa/df/50e9079b532ff53dbfc0e66eed781374bd455af02ed5df8b56ad538de4ff/crc32c-2.8-cp314-cp314-macosx_10_13_universal2.whl", hash = "sha256:3a3b2e4bcf7b3ee333050e7d3ff38e2ba46ea205f1d73d8949b248aaffe937ac", size = 66399, upload-time = "2025-10-17T06:19:34.279Z" },
    { url = "https://files.pythonhosted.org/packages/5a/2e/67e3b0bc3d30e46ea5d16365cc81203286387671e22f2307eb41f19abb9c/crc32c-2.8-cp314-cp314-macosx_10_13_x86_64.whl", hash = "sha256:445e559e66dff16be54f8a4ef95aa6b01db799a639956d995c5498ba513fccc2", size = 63044, upload-time = "2025-10-17T06:19:35.062Z" },
    { url = "https://files.pythonhosted.org/packages/36/ea/1723b17437e4344ed8d067456382ecb1f5b535d83fdc5aaebab676c6d273/crc32c-2.8-cp314-cp314-macosx_11_0_arm64.whl", hash = "sha256:bf3040919e17afa5782e01b1875d6a05f44b8f19c05f211d8b9f8a1deb8bbd9c", size = 61541, upload-time = "2025-10-17T06:19:36.204Z" },
    { url = "https://files.pythonhosted.org/packages/4c/6a/cbec8a235c5b46a01f319939b538958662159aec0ed3a74944e3a6de21f1/crc32c-2.8-cp314-cp314-manylinux1_x86_64.manylinux_2_28_x86_64.manylinux_2_5_x86_64.whl", hash = "sha256:5607ab8221e1ffd411f64aa40dbb6850cf06dd2908c9debd05d371e1acf62ff3", size = 80139, upload-time = "2025-10-17T06:19:37.351Z" },
    { url = "https://files.pythonhosted.org/packages/21/31/d096722fe74b692d6e8206c27da1ea5f6b2a12ff92c54a62a6ba2f376254/crc32c-2.8-cp314-cp314-manylinux2014_aarch64.manylinux_2_17_aarch64.manylinux_2_28_aarch64.whl", hash = "sha256:c7f5db4f16816926986d3c94253314920689706ae13a9bf4888b47336c6735ce", size = 81736, upload-time = "2025-10-17T06:19:38.16Z" },
    { url = "https://files.pythonhosted.org/packages/f6/a2/f75ef716ff7e3c22f385ba6ef30c5de80c19a21ebe699dc90824a1903275/crc32c-2.8-cp314-cp314-musllinux_1_2_aarch64.whl", hash = "sha256:70b0153c4d418b673309d3529334d117e1074c4a3b2d7f676e430d72c14de67b", size = 80795, upload-time = "2025-10-17T06:19:38.948Z" },
    { url = "https://files.pythonhosted.org/packages/d8/94/6d647a12d96ab087d9b8eacee3da073f981987827d57c7072f89ffc7b6cd/crc32c-2.8-cp314-cp314-musllinux_1_2_x86_64.whl", hash = "sha256:5c8933531442042438753755a5c8a9034e4d88b01da9eb796f7e151b31a7256c", size = 80042, upload-time = "2025-10-17T06:19:39.725Z" },
    { url = "https://files.pythonhosted.org/packages/cd/dc/32b8896b40a0afee7a3c040536d0da5a73e68df2be9fadd21770fd158e16/crc32c-2.8-cp314-cp314-win32.whl", hash = "sha256:cdc83a3fe6c4e5df9457294cfd643de7d95bd4e9382c1dd6ed1e0f0f9169172c", size = 64914, upload-time = "2025-10-17T06:19:40.527Z" },
    { url = "https://files.pythonhosted.org/packages/f2/b4/4308b27d307e8ecaf8dd1dcc63bbb0e47ae1826d93faa3e62d1ee00ee2d5/crc32c-2.8-cp314-cp314-win_amd64.whl", hash = "sha256:509e10035106df66770fe24b9eb8d9e32b6fb967df17744402fb67772d8b2bc7", size = 66723, upload-time = "2025-10-17T06:19:42.449Z" },
    { url = "https://files.pythonhosted.org/packages/90/d5/a19d2489fa997a143bfbbf971a5c9a43f8b1ba9e775b1fb362d8fb15260c/crc32c-2.8-cp314-cp314t-macosx_10_13_universal2.whl", hash = "sha256:864359a39777a07b09b28eb31337c0cc603d5c1bf0fc328c3af736a8da624ec0", size = 66201, upload-time = "2025-10-17T06:19:43.273Z" },
    { url = "https://files.pythonhosted.org/packages/98/c2/5f82f22d2c1242cb6f6fe92aa9a42991ebea86de994b8f9974d9c1d128e2/crc32c-2.8-cp314-cp314t-macosx_10_13_x86_64.whl", hash = "sha256:14511d7cfc5d9f5e1a6c6b64caa6225c2bdc1ed00d725e9a374a3e84073ce180", size = 62956, upload-time = "2025-10-17T06:19:44.099Z" },
    { url = "https://files.pythonhosted.org/packages/9b/61/3d43d33489cf974fb78bfb3500845770e139ae6d1d83473b660bd8f79a6c/crc32c-2.8-cp314-cp314t-macosx_11_0_arm64.whl", hash = "sha256:918b7999b52b5dcbcea34081e9a02d46917d571921a3f209956a9a429b2e06e5", size = 61443, upload-time = "2025-10-17T06:19:44.89Z" },
    { url = "https://files.pythonhosted.org/packages/52/6d/f306ce64a352a3002f76b0fc88a1373f4541f9d34fad3668688610bab14b/crc32c-2.8-cp314-cp314t-manylinux1_x86_64.manylinux_2_28_x86_64.manylinux_2_5_x86_64.whl", hash = "sha256:cc445da03fc012a5a03b71da1df1b40139729e6a5571fd4215ab40bfb39689c7", size = 79106, upload-time = "2025-10-17T06:19:45.688Z" },
    { url = "https://files.pythonhosted.org/packages/a5/b7/1f74965dd7ea762954a69d172dfb3a706049c84ffa45d31401d010a4a126/crc32c-2.8-cp314-cp314t-manylinux2014_aarch64.manylinux_2_17_aarch64.manylinux_2_28_aarch64.whl", hash = "sha256:1e3dde2ec59a8a830511d72a086ead95c0b0b7f0d418f93ea106244c5e77e350", size = 80983, upload-time = "2025-10-17T06:19:46.792Z" },
    { url = "https://files.pythonhosted.org/packages/1b/50/af93f0d91ccd61833ce77374ebfbd16f5805f5c17d18c6470976d9866d76/crc32c-2.8-cp314-cp314t-musllinux_1_2_aarch64.whl", hash = "sha256:61d51681a08b6a2a2e771b7f0cd1947fb87cb28f38ed55a01cb7c40b2ac4cdd8", size = 80009, upload-time = "2025-10-17T06:19:47.619Z" },
    { url = "https://files.pythonhosted.org/packages/ee/fa/94f394beb68a88258af694dab2f1284f55a406b615d7900bdd6235283bc4/crc32c-2.8-cp314-cp314t-musllinux_1_2_x86_64.whl", hash = "sha256:67c0716c3b1a02d5235be649487b637eed21f2d070f2b3f63f709dcd2fefb4c7", size = 79066, upload-time = "2025-10-17T06:19:48.409Z" },
    { url = "https://files.pythonhosted.org/packages/91/c6/a6050e0c64fd73c67a97da96cb59f08b05111e00b958fb87ecdce99f17ac/crc32c-2.8-cp314-cp314t-win32.whl", hash = "sha256:2e8fe863fbbd8bdb6b414a2090f1b0f52106e76e9a9c96a413495dbe5ebe492a", size = 64869, upload-time = "2025-10-17T06:19:49.197Z" },
    { url = "https://files.pythonhosted.org/packages/08/1f/c7735034e401cb1ea14f996a224518e3a3fa9987cb13680e707328a7d779/crc32c-2.8-cp314-cp314t-win_amd64.whl", hash = "sha256:20a9cfb897693eb6da19e52e2a7be2026fd4d9fc8ae318f086c0d71d5dd2d8e0", size = 66633, upload-time = "2025-10-17T06:19:50.003Z" },
    { url = "https://files.pythonhosted.org/packages/a7/1d/dd926c68eb8aac8b142a1a10b8eb62d95212c1cf81775644373fe7cceac2/crc32c-2.8-pp311-pypy311_pp73-macosx_10_15_x86_64.whl", hash = "sha256:5833f4071da7ea182c514ba17d1eee8aec3c5be927d798222fbfbbd0f5eea02c", size = 62345, upload-time = "2025-10-17T06:20:09.39Z" },
    { url = "https://files.pythonhosted.org/packages/51/be/803404e5abea2ef2c15042edca04bbb7f625044cca879e47f186b43887c2/crc32c-2.8-pp311-pypy311_pp73-macosx_11_0_arm64.whl", hash = "sha256:1dc4da036126ac07b39dd9d03e93e585ec615a2ad28ff12757aef7de175295a8", size = 61229, upload-time = "2025-10-17T06:20:10.236Z" },
    { url = "https://files.pythonhosted.org/packages/fc/3a/00cc578cd27ed0b22c9be25cef2c24539d92df9fa80ebd67a3fc5419724c/crc32c-2.8-pp311-pypy311_pp73-manylinux1_x86_64.manylinux_2_28_x86_64.manylinux_2_5_x86_64.whl", hash = "sha256:15905fa78344654e241371c47e6ed2411f9eeb2b8095311c68c88eccf541e8b4", size = 64108, upload-time = "2025-10-17T06:20:11.072Z" },
    { url = "https://files.pythonhosted.org/packages/6b/bc/0587ef99a1c7629f95dd0c9d4f3d894de383a0df85831eb16c48a6afdae4/crc32c-2.8-pp311-pypy311_pp73-manylinux2014_aarch64.manylinux_2_17_aarch64.manylinux_2_28_aarch64.whl", hash = "sha256:c596f918688821f796434e89b431b1698396c38bf0b56de873621528fe3ecb1e", size = 64815, upload-time = "2025-10-17T06:20:11.919Z" },
    { url = "https://files.pythonhosted.org/packages/73/42/94f2b8b92eae9064fcfb8deef2b971514065bd606231f8857ff8ae02bebd/crc32c-2.8-pp311-pypy311_pp73-win_amd64.whl", hash = "sha256:8d23c4fe01b3844cb6e091044bc1cebdef7d16472e058ce12d9fadf10d2614af", size = 66659, upload-time = "2025-10-17T06:20:12.766Z" },
]

[[package]]
name = "future"
version = "1.0.0"
source = { registry = "https://pypi.org/simple" }
sdist = { url = "https://files.pythonhosted.org/packages/a7/b2/4140c69c6a66432916b26158687e821ba631a4c9273c474343badf84d3ba/future-1.0.0.tar.gz", hash = "sha256:bd2968309307861edae1458a4f8a4f3598c03be43b97521076aebf5d94c07b05", size = 1228490, upload-time = "2024-02-21T11:52:38.461Z" }
wheels = [
    { url = "https://files.pythonhosted.org/packages/da/71/ae30dadffc90b9006d77af76b393cb9dfbfc9629f339fc1574a1c52e6806/future-1.0.0-py3-none-any.whl", hash = "sha256:929292d34f5872e70396626ef385ec22355a1fae8ad29e1a734c3e43f9fbc216", size = 491326, upload-time = "2024-02-21T11:52:35.956Z" },
]

[[package]]
name = "pycryptodome"
version = "3.23.0"
source = { registry = "https://pypi.org/simple" }
sdist = { url = "https://files.pythonhosted.org/packages/8e/a6/8452177684d5e906854776276ddd34eca30d1b1e15aa1ee9cefc289a33f5/pycryptodome-3.23.0.tar.gz", hash = "sha256:447700a657182d60338bab09fdb27518f8856aecd80ae4c6bdddb67ff5da44ef", size = 4921276, upload-time = "2025-05-17T17:21:45.242Z" }
wheels = [
    { url = "https://files.pythonhosted.org/packages/04/5d/bdb09489b63cd34a976cc9e2a8d938114f7a53a74d3dd4f125ffa49dce82/pycryptodome-3.23.0-cp313-cp313t-macosx_10_13_universal2.whl", hash = "sha256:0011f7f00cdb74879142011f95133274741778abba114ceca229adbf8e62c3e4", size = 2495152, upload-time = "2025-05-17T17:20:20.833Z" },
    { url = "https://files.pythonhosted.org/packages/a7/ce/7840250ed4cc0039c433cd41715536f926d6e86ce84e904068eb3244b6a6/pycryptodome-3.23.0-cp313-cp313t-macosx_10_13_x86_64.whl", hash = "sha256:90460fc9e088ce095f9ee8356722d4f10f86e5be06e2354230a9880b9c549aae", size = 1639348, upload-time = "2025-05-17T17:20:23.171Z" },
    { url = "https://files.pythonhosted.org/packages/ee/f0/991da24c55c1f688d6a3b5a11940567353f74590734ee4a64294834ae472/pycryptodome-3.23.0-cp313-cp313t-manylinux_2_17_aarch64.manylinux2014_aarch64.whl", hash = "sha256:4764e64b269fc83b00f682c47443c2e6e85b18273712b98aa43bcb77f8570477", size = 2184033, upload-time = "2025-05-17T17:20:25.424Z" },
    { url = "https://files.pythonhosted.org/packages/54/16/0e11882deddf00f68b68dd4e8e442ddc30641f31afeb2bc25588124ac8de/pycryptodome-3.23.0-cp313-cp313t-manylinux_2_17_x86_64.manylinux2014_x86_64.whl", hash = "sha256:eb8f24adb74984aa0e5d07a2368ad95276cf38051fe2dc6605cbcf482e04f2a7", size = 2270142, upload-time = "2025-05-17T17:20:27.808Z" },
    { url = "https://files.pythonhosted.org/packages/d5/fc/4347fea23a3f95ffb931f383ff28b3f7b1fe868739182cb76718c0da86a1/pycryptodome-3.23.0-cp313-cp313t-manylinux_2_5_i686.manylinux1_i686.manylinux_2_17_i686.manylinux2014_i686.whl", hash = "sha256:d97618c9c6684a97ef7637ba43bdf6663a2e2e77efe0f863cce97a76af396446", size = 2309384, upload-time = "2025-05-17T17:20:30.765Z" },
    { url = "https://files.pythonhosted.org/packages/6e/d9/c5261780b69ce66d8cfab25d2797bd6e82ba0241804694cd48be41add5eb/pycryptodome-3.23.0-cp313-cp313t-musllinux_1_2_aarch64.whl", hash = "sha256:9a53a4fe5cb075075d515797d6ce2f56772ea7e6a1e5e4b96cf78a14bac3d265", size = 2183237, upload-time = "2025-05-17T17:20:33.736Z" },
    { url = "https://files.pythonhosted.org/packages/5a/6f/3af2ffedd5cfa08c631f89452c6648c4d779e7772dfc388c77c920ca6bbf/pycryptodome-3.23.0-cp313-cp313t-musllinux_1_2_i686.whl", hash = "sha256:763d1d74f56f031788e5d307029caef067febf890cd1f8bf61183ae142f1a77b", size = 2343898, upload-time = "2025-05-17T17:20:36.086Z" },
    { url = "https://files.pythonhosted.org/packages/9a/dc/9060d807039ee5de6e2f260f72f3d70ac213993a804f5e67e0a73a56dd2f/pycryptodome-3.23.0-cp313-cp313t-musllinux_1_2_x86_64.whl", hash = "sha256:954af0e2bd7cea83ce72243b14e4fb518b18f0c1649b576d114973e2073b273d", size = 2269197, upload-time = "2025-05-17T17:20:38.414Z" },
    { url = "https://files.pythonhosted.org/packages/f9/34/e6c8ca177cb29dcc4967fef73f5de445912f93bd0343c9c33c8e5bf8cde8/pycryptodome-3.23.0-cp313-cp313t-win32.whl", hash = "sha256:257bb3572c63ad8ba40b89f6fc9d63a2a628e9f9708d31ee26560925ebe0210a", size = 1768600, upload-time = "2025-05-17T17:20:40.688Z" },
    { url = "https://files.pythonhosted.org/packages/e4/1d/89756b8d7ff623ad0160f4539da571d1f594d21ee6d68be130a6eccb39a4/pycryptodome-3.23.0-cp313-cp313t-win_amd64.whl", hash = "sha256:6501790c5b62a29fcb227bd6b62012181d886a767ce9ed03b303d1f22eb5c625", size = 1799740, upload-time = "2025-05-17T17:20:42.413Z" },
    { url = "https://files.pythonhosted.org/packages/5d/61/35a64f0feaea9fd07f0d91209e7be91726eb48c0f1bfc6720647194071e4/pycryptodome-3.23.0-cp313-cp313t-win_arm64.whl", hash = "sha256:9a77627a330ab23ca43b48b130e202582e91cc69619947840ea4d2d1be21eb39", size = 1703685, upload-time = "2025-05-17T17:20:44.388Z" },
    { url = "https://files.pythonhosted.org/packages/db/6c/a1f71542c969912bb0e106f64f60a56cc1f0fabecf9396f45accbe63fa68/pycryptodome-3.23.0-cp37-abi3-macosx_10_9_universal2.whl", hash = "sha256:187058ab80b3281b1de11c2e6842a357a1f71b42cb1e15bce373f3d238135c27", size = 2495627, upload-time = "2025-05-17T17:20:47.139Z" },
    { url = "https://files.pythonhosted.org/packages/6e/4e/a066527e079fc5002390c8acdd3aca431e6ea0a50ffd7201551175b47323/pycryptodome-3.23.0-cp37-abi3-macosx_10_9_x86_64.whl", hash = "sha256:cfb5cd445280c5b0a4e6187a7ce8de5a07b5f3f897f235caa11f1f435f182843", size = 1640362, upload-time = "2025-05-17T17:20:50.392Z" },
    { url = "https://files.pythonhosted.org/packages/50/52/adaf4c8c100a8c49d2bd058e5b551f73dfd8cb89eb4911e25a0c469b6b4e/pycryptodome-3.23.0-cp37-abi3-manylinux_2_17_aarch64.manylinux2014_aarch64.whl", hash = "sha256:67bd81fcbe34f43ad9422ee8fd4843c8e7198dd88dd3d40e6de42ee65fbe1490", size = 2182625, upload-time = "2025-05-17T17:20:52.866Z" },
    { url = "https://files.pythonhosted.org/packages/5f/e9/a09476d436d0ff1402ac3867d933c61805ec2326c6ea557aeeac3825604e/pycryptodome-3.23.0-cp37-abi3-manylinux_2_17_x86_64.manylinux2014_x86_64.whl", hash = "sha256:c8987bd3307a39bc03df5c8e0e3d8be0c4c3518b7f044b0f4c15d1aa78f52575", size = 2268954, upload-time = "2025-05-17T17:20:55.027Z" },
    { url = "https://files.pythonhosted.org/packages/f9/c5/ffe6474e0c551d54cab931918127c46d70cab8f114e0c2b5a3c071c2f484/pycryptodome-3.23.0-cp37-abi3-manylinux_2_5_i686.manylinux1_i686.manylinux_2_17_i686.manylinux2014_i686.whl", hash = "sha256:aa0698f65e5b570426fc31b8162ed4603b0c2841cbb9088e2b01641e3065915b", size = 2308534, upload-time = "2025-05-17T17:20:57.279Z" },
    { url = "https://files.pythonhosted.org/packages/18/28/e199677fc15ecf43010f2463fde4c1a53015d1fe95fb03bca2890836603a/pycryptodome-3.23.0-cp37-abi3-musllinux_1_2_aarch64.whl", hash = "sha256:53ecbafc2b55353edcebd64bf5da94a2a2cdf5090a6915bcca6eca6cc452585a", size = 2181853, upload-time = "2025-05-17T17:20:59.322Z" },
    { url = "https://files.pythonhosted.org/packages/ce/ea/4fdb09f2165ce1365c9eaefef36625583371ee514db58dc9b65d3a255c4c/pycryptodome-3.23.0-cp37-abi3-musllinux_1_2_i686.whl", hash = "sha256:156df9667ad9f2ad26255926524e1c136d6664b741547deb0a86a9acf5ea631f", size = 2342465, upload-time = "2025-05-17T17:21:03.83Z" },
    { url = "https://files.pythonhosted.org/packages/22/82/6edc3fc42fe9284aead511394bac167693fb2b0e0395b28b8bedaa07ef04/pycryptodome-3.23.0-cp37-abi3-musllinux_1_2_x86_64.whl", hash = "sha256:dea827b4d55ee390dc89b2afe5927d4308a8b538ae91d9c6f7a5090f397af1aa", size = 2267414, upload-time = "2025-05-17T17:21:06.72Z" },
    { url = "https://files.pythonhosted.org/packages/59/fe/aae679b64363eb78326c7fdc9d06ec3de18bac68be4b612fc1fe8902693c/pycryptodome-3.23.0-cp37-abi3-win32.whl", hash = "sha256:507dbead45474b62b2bbe318eb1c4c8ee641077532067fec9c1aa82c31f84886", size = 1768484, upload-time = "2025-05-17T17:21:08.535Z" },
    { url = "https://files.pythonhosted.org/packages/54/2f/e97a1b8294db0daaa87012c24a7bb714147c7ade7656973fd6c736b484ff/pycryptodome-3.23.0-cp37-abi3-win_amd64.whl", hash = "sha256:c75b52aacc6c0c260f204cbdd834f76edc9fb0d8e0da9fbf8352ef58202564e2", size = 1799636, upload-time = "2025-05-17T17:21:10.393Z" },
    { url = "https://files.pythonhosted.org/packages/18/3d/f9441a0d798bf2b1e645adc3265e55706aead1255ccdad3856dbdcffec14/pycryptodome-3.23.0-cp37-abi3-win_arm64.whl", hash = "sha256:11eeeb6917903876f134b56ba11abe95c0b0fd5e3330def218083c7d98bbcb3c", size = 1703675, upload-time = "2025-05-17T17:21:13.146Z" },
    { url = "https://files.pythonhosted.org/packages/d9/12/e33935a0709c07de084d7d58d330ec3f4daf7910a18e77937affdb728452/pycryptodome-3.23.0-pp310-pypy310_pp73-macosx_10_15_x86_64.whl", hash = "sha256:ddb95b49df036ddd264a0ad246d1be5b672000f12d6961ea2c267083a5e19379", size = 1623886, upload-time = "2025-05-17T17:21:20.614Z" },
    { url = "https://files.pythonhosted.org/packages/22/0b/aa8f9419f25870889bebf0b26b223c6986652bdf071f000623df11212c90/pycryptodome-3.23.0-pp310-pypy310_pp73-manylinux_2_17_aarch64.manylinux2014_aarch64.whl", hash = "sha256:d8e95564beb8782abfd9e431c974e14563a794a4944c29d6d3b7b5ea042110b4", size = 1672151, upload-time = "2025-05-17T17:21:22.666Z" },
    { url = "https://files.pythonhosted.org/packages/d4/5e/63f5cbde2342b7f70a39e591dbe75d9809d6338ce0b07c10406f1a140cdc/pycryptodome-3.23.0-pp310-pypy310_pp73-manylinux_2_17_x86_64.manylinux2014_x86_64.whl", hash = "sha256:14e15c081e912c4b0d75632acd8382dfce45b258667aa3c67caf7a4d4c13f630", size = 1664461, upload-time = "2025-05-17T17:21:25.225Z" },
    { url = "https://files.pythonhosted.org/packages/d6/92/608fbdad566ebe499297a86aae5f2a5263818ceeecd16733006f1600403c/pycryptodome-3.23.0-pp310-pypy310_pp73-manylinux_2_5_i686.manylinux1_i686.manylinux_2_17_i686.manylinux2014_i686.whl", hash = "sha256:a7fc76bf273353dc7e5207d172b83f569540fc9a28d63171061c42e361d22353", size = 1702440, upload-time = "2025-05-17T17:21:27.991Z" },
    { url = "https://files.pythonhosted.org/packages/d1/92/2eadd1341abd2989cce2e2740b4423608ee2014acb8110438244ee97d7ff/pycryptodome-3.23.0-pp310-pypy310_pp73-win_amd64.whl", hash = "sha256:45c69ad715ca1a94f778215a11e66b7ff989d792a4d63b68dc586a1da1392ff5", size = 1803005, upload-time = "2025-05-17T17:21:31.37Z" },
]

[[package]]
name = "python-dotenv"
version = "1.2.2"
source = { registry = "https://pypi.org/simple" }
sdist = { url = "https://files.pythonhosted.org/packages/82/ed/0301aeeac3e5353ef3d94b6ec08bbcabd04a72018415dcb29e588514bba8/python_dotenv-1.2.2.tar.gz", hash = "sha256:2c371a91fbd7ba082c2c1dc1f8bf89ca22564a087c2c287cd9b662adde799cf3", size = 50135, upload-time = "2026-03-01T16:00:26.196Z" }
wheels = [
    { url = "https://files.pythonhosted.org/packages/0b/d7/1959b9648791274998a9c3526f6d0ec8fd2233e4d4acce81bbae76b44b2a/python_dotenv-1.2.2-py3-none-any.whl", hash = "sha256:1d8214789a24de455a8b8bd8ae6fe3c6b69a5e3d64aa8a8e5d68e694bbcb285a", size = 22101, upload-time = "2026-03-01T16:00:25.09Z" },
]

[[package]]
name = "six"
version = "1.17.0"
source = { registry = "https://pypi.org/simple" }
sdist = { url = "https://files.pythonhosted.org/packages/94/e7/b2c673351809dca68a0e064b6af791aa332cf192da575fd474ed7d6f16a2/six-1.17.0.tar.gz", hash = "sha256:ff70335d468e7eb6ec65b95b99d3a2836546063f63acc5171de367e834932a81", size = 34031, upload-time = "2024-12-04T17:35:28.174Z" }
wheels = [
    { url = "https://files.pythonhosted.org/packages/b7/ce/149a00dd41f10bc29e5921b496af8b574d8413afcd5e30dfa0ed46c2cc5e/six-1.17.0-py2.py3-none-any.whl", hash = "sha256:4721f391ed90541fddacab5acf947aa0d3dc7d27b2e1e8eda2be8970586c3274", size = 11050, upload-time = "2024-12-04T17:35:26.475Z" },
]

[[package]]
name = "tomli-w"
version = "1.2.0"
source = { registry = "https://pypi.org/simple" }
sdist = { url = "https://files.pythonhosted.org/packages/19/75/241269d1da26b624c0d5e110e8149093c759b7a286138f4efd61a60e75fe/tomli_w-1.2.0.tar.gz", hash = "sha256:2dd14fac5a47c27be9cd4c976af5a12d87fb1f0b4512f81d69cce3b35ae25021", size = 7184, upload-time = "2025-01-15T12:07:24.262Z" }
wheels = [
    { url = "https://files.pythonhosted.org/packages/c7/18/c86eb8e0202e32dd3df50d43d7ff9854f8e0603945ff398974c1d91ac1ef/tomli_w-1.2.0-py3-none-any.whl", hash = "sha256:188306098d013b691fcadc011abd66727d3c414c571bb01b1a174ba8c983cf90", size = 6675, upload-time = "2025-01-15T12:07:22.074Z" },
]
